
Microsoft Visual Studio Solution File, Format Version 12.00
# Visual Studio Version 16
VisualStudioVersion = 16.0.29102.190
MinimumVisualStudioVersion = 10.0.40219.1
Project("{9A19103F-16F7-4668-BE54-9A1E7A4F7556}") = "Exercises", "Exercises\Exercises.csproj", "{4662B160-E24F-4562-8DF6-1FDAEB6DCF97}"
EndProject
Project("{FAE04EC0-301F-11D3-BF4B-00C04F79EFBC}") = "Tests", "Tests\Tests.csproj", "{AC79488D-9F83-4DB1-B1CF-C271843229A2}"
EndProject
Global
	GlobalSection(SolutionConfigurationPlatforms) = preSolution
		Debug|Any CPU = Debug|Any CPU
		Release|Any CPU = Release|Any CPU
	EndGlobalSection
	GlobalSection(ProjectConfigurationPlatforms) = postSolution
		{4662B160-E24F-4562-8DF6-1FDAEB6DCF97}.Debug|Any CPU.ActiveCfg = Debug|Any CPU
		{4662B160-E24F-4562-8DF6-1FDAEB6DCF97}.Debug|Any CPU.Build.0 = Debug|Any CPU
		{4662B160-E24F-4562-8DF6-1FDAEB6DCF97}.Release|Any CPU.ActiveCfg = Release|Any CPU
		{4662B160-E24F-4562-8DF6-1FDAEB6DCF97}.Release|Any CPU.Build.0 = Release|Any CPU
		{AC79488D-9F83-4DB1-B1CF-C271843229A2}.Debug|Any CPU.ActiveCfg = Debug|Any CPU
		{AC79488D-9F83-4DB1-B1CF-C271843229A2}.Debug|Any CPU.Build.0 = Debug|Any CPU
		{AC79488D-9F83-4DB1-B1CF-C271843229A2}.Release|Any CPU.ActiveCfg = Release|Any CPU
		{AC79488D-9F83-4DB1-B1CF-C271843229A2}.Release|Any CPU.Build.0 = Release|Any CPU
	EndGlobalSection
	GlobalSection(SolutionProperties) = preSolution
		HideSolutionNode = FALSE
	EndGlobalSection
	GlobalSection(ExtensibilityGlobals) = postSolution
		SolutionGuid = {09747859-5F04-4B5F-8BA2-501B3A88A694}
	EndGlobalSection
EndGlobal
